
Microsoft Visual Studio Solution File, Format Version 12.00
# Visual Studio Version 17
VisualStudioVersion = 17.3.32901.215
MinimumVisualStudioVersion = 10.0.40219.1
Project("{FAE04EC0-301F-11D3-BF4B-00C04F79EFBC}") = "Arrays", "Arrays\Arrays.csproj", "{EB438768-A9FE-4059-856A-78069513935D}"
EndProject
Global
	GlobalSection(SolutionConfigurationPlatforms) = preSolution
		Debug|Any CPU = Debug|Any CPU
		Release|Any CPU = Release|Any CPU
	EndGlobalSection
	GlobalSection(ProjectConfigurationPlatforms) = postSolution
		{EB438768-A9FE-4059-856A-78069513935D}.Debug|Any CPU.ActiveCfg = Debug|Any CPU
		{EB438768-A9FE-4059-856A-78069513935D}.Debug|Any CPU.Build.0 = Debug|Any CPU
		{EB438768-A9FE-4059-856A-78069513935D}.Release|Any CPU.ActiveCfg = Release|Any CPU
		{EB438768-A9FE-4059-856A-78069513935D}.Release|Any CPU.Build.0 = Release|Any CPU
	EndGlobalSection
	GlobalSection(SolutionProperties) = preSolution
		HideSolutionNode = FALSE
	EndGlobalSection
	GlobalSection(ExtensibilityGlobals) = postSolution
		SolutionGuid = {2255BAAA-BC9F-42C6-A782-6B309EDC92D7}
	EndGlobalSection
EndGlobal
